# THIS IS AN AUTOGENERATED FILE. DO NOT EDIT THIS FILE DIRECTLY.
# yarn lockfile v1


"@datastructures-js/queue@^4.1.3":
  version "4.1.3"
  resolved "https://registry.nlark.com/@datastructures-js/queue/download/@datastructures-js/queue-4.1.3.tgz#57bb502621de88ad3f55c9f094e76a36966cd6ca"
  integrity sha1-V7tQJiHeiK0/VcnwlOdqNpZs1so=

"@datastructures-js/set@^4.1.1":
  version "4.1.1"
  resolved "https://registry.nlark.com/@datastructures-js/set/download/@datastructures-js/set-4.1.1.tgz#c3f0ebc24e248b56e92f8204c45623824ebd5d8d"
  integrity sha1-w/Drwk4ki1bpL4IExFYjgk69XY0=

"@types/lodash@^4.14.171":
  version "4.14.176"
  resolved "https://registry.npmmirror.com/@types/lodash/download/@types/lodash-4.14.176.tgz#641150fc1cda36fbfa329de603bbb175d7ee20c0"
  integrity sha1-ZBFQ/BzaNvv6Mp3mA7uxddfuIMA=

"@types/node@^16.7.1":
  version "16.11.6"
  resolved "https://registry.npmmirror.com/@types/node/download/@types/node-16.11.6.tgz#6bef7a2a0ad684cf6e90fcfe31cecabd9ce0a3ae"
  integrity sha1-a+96KgrWhM9ukPz+Mc7KvZzgo64=

"@types/object-hash@^2.2.1":
  version "2.2.1"
  resolved "https://registry.npmmirror.com/@types/object-hash/download/@types/object-hash-2.2.1.tgz#67c169f8f033e0b62abbf81df2d00f4598d540b9"
  integrity sha1-Z8Fp+PAz4LYqu/gd8tAPRZjVQLk=

esbuild-android-arm64@0.13.9:
  version "0.13.9"
  resolved "https://registry.npmmirror.com/esbuild-android-arm64/download/esbuild-android-arm64-0.13.9.tgz?cache=0&sync_timestamp=1635080303728&other_urls=https%3A%2F%2Fregistry.npmmirror.com%2Fesbuild-android-arm64%2Fdownload%2Fesbuild-android-arm64-0.13.9.tgz#6cc4a0c623332c0830a311ddd8242b1f496ff940"
  integrity sha1-bMSgxiMzLAgwoxHd2CQrH0lv+UA=

esbuild-darwin-64@0.13.9:
  version "0.13.9"
  resolved "https://registry.npmmirror.com/esbuild-darwin-64/download/esbuild-darwin-64-0.13.9.tgz?cache=0&sync_timestamp=1635080304277&other_urls=https%3A%2F%2Fregistry.npmmirror.com%2Fesbuild-darwin-64%2Fdownload%2Fesbuild-darwin-64-0.13.9.tgz#df44297c2438032cda2b21548a82bb007e2105cc"
  integrity sha1-30QpfCQ4AyzaKyFUioK7AH4hBcw=

esbuild-darwin-arm64@0.13.9:
  version "0.13.9"
  resolved "https://registry.npmmirror.com/esbuild-darwin-arm64/download/esbuild-darwin-arm64-0.13.9.tgz#704ef404a6a38eda190d40ed354e7f2c1c839081"
  integrity sha1-cE70BKajjtoZDUDtNU5/LByDkIE=

esbuild-freebsd-64@0.13.9:
  version "0.13.9"
  resolved "https://registry.npmmirror.com/esbuild-freebsd-64/download/esbuild-freebsd-64-0.13.9.tgz#fbbf22c99e15f27d0f8a1a040d7961a86f0d3a4e"
  integrity sha1-+78iyZ4V8n0PihoEDXlhqG8NOk4=

esbuild-freebsd-arm64@0.13.9:
  version "0.13.9"
  resolved "https://registry.npmmirror.com/esbuild-freebsd-arm64/download/esbuild-freebsd-arm64-0.13.9.tgz#809fff4c43653dbbf071ffce9f80a030b278098e"
  integrity sha1-gJ//TENlPbvwcf/On4CgMLJ4CY4=

esbuild-linux-32@0.13.9:
  version "0.13.9"
  resolved "https://registry.npmmirror.com/esbuild-linux-32/download/esbuild-linux-32-0.13.9.tgz#f9fd3423481e51674e9817d5eea25689889a5f5a"
  integrity sha1-+f00I0geUWdOmBfV7qJWiYiaX1o=

esbuild-linux-64@0.13.9:
  version "0.13.9"
  resolved "https://registry.npmmirror.com/esbuild-linux-64/download/esbuild-linux-64-0.13.9.tgz#9d7f66866dae1abaff7cbc3749f2847d5fb72fd5"
  integrity sha1-nX9mhm2uGrr/fLw3SfKEfV+3L9U=

esbuild-linux-arm64@0.13.9:
  version "0.13.9"
  resolved "https://registry.npmmirror.com/esbuild-linux-arm64/download/esbuild-linux-arm64-0.13.9.tgz#669202e71b9ced4d285bfd1d69de948e013ac28f"
  integrity sha1-ZpIC5xuc7U0oW/0dad6UjgE6wo8=

esbuild-linux-arm@0.13.9:
  version "0.13.9"
  resolved "https://registry.npmmirror.com/esbuild-linux-arm/download/esbuild-linux-arm-0.13.9.tgz#c3ceb56ec0e3dbd1a3a89dca6cb7fc0ca360bcc8"
  integrity sha1-w861bsDj29GjqJ3KbLf8DKNgvMg=

esbuild-linux-mips64le@0.13.9:
  version "0.13.9"
  resolved "https://registry.npmmirror.com/esbuild-linux-mips64le/download/esbuild-linux-mips64le-0.13.9.tgz#bf4bd389ee14b67c5c77669952f2de6b2cc8a003"
  integrity sha1-v0vTie4Utnxcd2aZUvLeayzIoAM=

esbuild-linux-ppc64le@0.13.9:
  version "0.13.9"
  resolved "https://registry.npmmirror.com/esbuild-linux-ppc64le/download/esbuild-linux-ppc64le-0.13.9.tgz#465b7bdc70577da606b3b5d463028292b6d834ad"
  integrity sha1-Rlt73HBXfaYGs7XUYwKCkrbYNK0=

esbuild-netbsd-64@0.13.9:
  version "0.13.9"
  resolved "https://registry.npmmirror.com/esbuild-netbsd-64/download/esbuild-netbsd-64-0.13.9.tgz#94f2dabe83520066cc1e1fae3ecff78695a8ebb1"
  integrity sha1-lPLavoNSAGbMHh+uPs/3hpWo67E=

esbuild-openbsd-64@0.13.9:
  version "0.13.9"
  resolved "https://registry.npmmirror.com/esbuild-openbsd-64/download/esbuild-openbsd-64-0.13.9.tgz#b47f6a641ca37358aeedb2b7c4bb73dd0682c6d5"
  integrity sha1-tH9qZByjc1iu7bK3xLtz3QaCxtU=

esbuild-sunos-64@0.13.9:
  version "0.13.9"
  resolved "https://registry.npmmirror.com/esbuild-sunos-64/download/esbuild-sunos-64-0.13.9.tgz#b0df4a316b7c98eb490f4bd0db381cf2c391ae73"
  integrity sha1-sN9KMWt8mOtJD0vQ2zgc8sORrnM=

esbuild-windows-32@0.13.9:
  version "0.13.9"
  resolved "https://registry.npmmirror.com/esbuild-windows-32/download/esbuild-windows-32-0.13.9.tgz#e229563e134e634f9748cc8315c691e2013259ef"
  integrity sha1-4ilWPhNOY0+XSMyDFcaR4gEyWe8=

esbuild-windows-64@0.13.9:
  version "0.13.9"
  resolved "https://registry.npmmirror.com/esbuild-windows-64/download/esbuild-windows-64-0.13.9.tgz#103ad3f13e1a0e44934b91f358e81dd201b86b34"
  integrity sha1-EDrT8T4aDkSTS5HzWOgd0gG4azQ=

esbuild-windows-arm64@0.13.9:
  version "0.13.9"
  resolved "https://registry.npmmirror.com/esbuild-windows-arm64/download/esbuild-windows-arm64-0.13.9.tgz#545bb58848008258b339b1b00fcfe92c85bc7251"
  integrity sha1-VFu1iEgAglizObGwD8/pLIW8clE=

esbuild@^0.13.9:
  version "0.13.9"
  resolved "https://registry.npmmirror.com/esbuild/download/esbuild-0.13.9.tgz?cache=0&sync_timestamp=1635080303297&other_urls=https%3A%2F%2Fregistry.npmmirror.com%2Fesbuild%2Fdownload%2Fesbuild-0.13.9.tgz#aafc4b3375ac443ae7b223c26c4e58d10d2d535b"
  integrity sha1-qvxLM3WsRDrnsiPCbE5Y0Q0tU1s=
  optionalDependencies:
    esbuild-android-arm64 "0.13.9"
    esbuild-darwin-64 "0.13.9"
    esbuild-darwin-arm64 "0.13.9"
    esbuild-freebsd-64 "0.13.9"
    esbuild-freebsd-arm64 "0.13.9"
    esbuild-linux-32 "0.13.9"
    esbuild-linux-64 "0.13.9"
    esbuild-linux-arm "0.13.9"
    esbuild-linux-arm64 "0.13.9"
    esbuild-linux-mips64le "0.13.9"
    esbuild-linux-ppc64le "0.13.9"
    esbuild-netbsd-64 "0.13.9"
    esbuild-openbsd-64 "0.13.9"
    esbuild-sunos-64 "0.13.9"
    esbuild-windows-32 "0.13.9"
    esbuild-windows-64 "0.13.9"
    esbuild-windows-arm64 "0.13.9"

lodash@^4.17.21:
  version "4.17.21"
  resolved "https://registry.npm.taobao.org/lodash/download/lodash-4.17.21.tgz#679591c564c3bffaae8454cf0b3df370c3d6911c"
  integrity sha1-Z5WRxWTDv/quhFTPCz3zcMPWkRw=

object-hash@^2.2.0:
  version "2.2.0"
  resolved "https://registry.nlark.com/object-hash/download/object-hash-2.2.0.tgz#5ad518581eefc443bd763472b8ff2e9c2c0d54a5"
  integrity sha1-WtUYWB7vxEO9djRyuP8unCwNVKU=

typescript@^4.3.2:
  version "4.4.4"
  resolved "https://registry.npmmirror.com/typescript/download/typescript-4.4.4.tgz#2cd01a1a1f160704d3101fd5a58ff0f9fcb8030c"
  integrity sha1-LNAaGh8WBwTTEB/VpY/w+fy4Aww=
