# THIS IS AN AUTOGENERATED FILE. DO NOT EDIT THIS FILE DIRECTLY.
# yarn lockfile v1


"@datastructures-js/queue@^4.1.3":
  version "4.1.3"
  resolved "https://registry.npmmirror.com/@datastructures-js/queue/download/@datastructures-js/queue-4.1.3.tgz#57bb502621de88ad3f55c9f094e76a36966cd6ca"
  integrity sha1-V7tQJiHeiK0/VcnwlOdqNpZs1so=

"@datastructures-js/set@^4.1.1":
  version "4.1.1"
  resolved "https://registry.nlark.com/@datastructures-js/set/download/@datastructures-js/set-4.1.1.tgz#c3f0ebc24e248b56e92f8204c45623824ebd5d8d"
  integrity sha1-w/Drwk4ki1bpL4IExFYjgk69XY0=

"@types/graphviz@^0.0.33":
  version "0.0.33"
  resolved "https://registry.nlark.com/@types/graphviz/download/@types/graphviz-0.0.33.tgz#6d963ff3c505aec22737dc9807a8d80a0ed4b85d"
  integrity sha1-bZY/88UFrsInN9yYB6jYCg7UuF0=

"@types/lodash@^4.14.171":
  version "4.14.172"
  resolved "https://registry.nlark.com/@types/lodash/download/@types/lodash-4.14.172.tgz#aad774c28e7bfd7a67de25408e03ee5a8c3d028a"
  integrity sha1-qtd0wo57/Xpn3iVAjgPuWow9Aoo=

"@types/node@^16.7.1":
  version "16.7.1"
  resolved "https://registry.nlark.com/@types/node/download/@types/node-16.7.1.tgz#c6b9198178da504dfca1fd0be9b2e1002f1586f0"
  integrity sha1-xrkZgXjaUE38of0L6bLhAC8VhvA=

"@types/object-hash@^2.2.1":
  version "2.2.1"
  resolved "https://registry.npmmirror.com/@types/object-hash/download/@types/object-hash-2.2.1.tgz?cache=0&sync_timestamp=1632412359579&other_urls=https%3A%2F%2Fregistry.npmmirror.com%2F%40types%2Fobject-hash%2Fdownload%2F%40types%2Fobject-hash-2.2.1.tgz#67c169f8f033e0b62abbf81df2d00f4598d540b9"
  integrity sha1-Z8Fp+PAz4LYqu/gd8tAPRZjVQLk=

esbuild@^0.12.27:
  version "0.12.27"
  resolved "https://registry.nlark.com/esbuild/download/esbuild-0.12.27.tgz?cache=0&sync_timestamp=1631497049767&other_urls=https%3A%2F%2Fregistry.nlark.com%2Fesbuild%2Fdownload%2Fesbuild-0.12.27.tgz#9bcfb837111c5e89b189188dde339515b213a724"
  integrity sha1-m8+4NxEcXomxiRiN3jOVFbITpyQ=

graphviz@^0.0.9:
  version "0.0.9"
  resolved "https://registry.npm.taobao.org/graphviz/download/graphviz-0.0.9.tgz?cache=0&sync_timestamp=1610088119353&other_urls=https%3A%2F%2Fregistry.npm.taobao.org%2Fgraphviz%2Fdownload%2Fgraphviz-0.0.9.tgz#0bbf1df588c6a92259282da35323622528c4bbc4"
  integrity sha1-C78d9YjGqSJZKC2jUyNiJSjEu8Q=
  dependencies:
    temp "~0.4.0"

lodash@^4.17.21:
  version "4.17.21"
  resolved "https://registry.nlark.com/lodash/download/lodash-4.17.21.tgz#679591c564c3bffaae8454cf0b3df370c3d6911c"
  integrity sha1-Z5WRxWTDv/quhFTPCz3zcMPWkRw=

object-hash@^2.2.0:
  version "2.2.0"
  resolved "https://registry.nlark.com/object-hash/download/object-hash-2.2.0.tgz#5ad518581eefc443bd763472b8ff2e9c2c0d54a5"
  integrity sha1-WtUYWB7vxEO9djRyuP8unCwNVKU=

temp@~0.4.0:
  version "0.4.0"
  resolved "https://registry.npm.taobao.org/temp/download/temp-0.4.0.tgz#671ad63d57be0fe9d7294664b3fc400636678a60"
  integrity sha1-ZxrWPVe+D+nXKUZks/xABjZnimA=

typescript@^4.3.2:
  version "4.3.5"
  resolved "https://registry.nlark.com/typescript/download/typescript-4.3.5.tgz#4d1c37cc16e893973c45a06886b7113234f119f4"
  integrity sha1-TRw3zBbok5c8RaBohrcRMjTxGfQ=
