# THIS IS AN AUTOGENERATED FILE. DO NOT EDIT THIS FILE DIRECTLY.
# yarn lockfile v1


"@datastructures-js/queue@^4.1.3":
  version "4.1.3"
  resolved "https://registry.npmmirror.com/@datastructures-js/queue/download/@datastructures-js/queue-4.1.3.tgz#57bb502621de88ad3f55c9f094e76a36966cd6ca"
  integrity sha1-V7tQJiHeiK0/VcnwlOdqNpZs1so=

"@datastructures-js/set@^4.1.1":
  version "4.1.1"
  resolved "https://registry.npmmirror.com/@datastructures-js/set/download/@datastructures-js/set-4.1.1.tgz#c3f0ebc24e248b56e92f8204c45623824ebd5d8d"
  integrity sha1-w/Drwk4ki1bpL4IExFYjgk69XY0=

"@types/is-bigint@^1.0.0":
  version "1.0.0"
  resolved "https://registry.npmmirror.com/@types/is-bigint/download/@types/is-bigint-1.0.0.tgz#6b5f07028a921b7690cfc646f1806403bfe09d35"
  integrity sha1-a18HAoqSG3aQz8ZG8YBkA7/gnTU=

"@types/lodash@^4.14.171":
  version "4.14.176"
  resolved "https://registry.npmmirror.com/@types/lodash/download/@types/lodash-4.14.176.tgz#641150fc1cda36fbfa329de603bbb175d7ee20c0"
  integrity sha1-ZBFQ/BzaNvv6Mp3mA7uxddfuIMA=

"@types/node@^16.7.1":
  version "16.11.6"
  resolved "https://registry.npmmirror.com/@types/node/download/@types/node-16.11.6.tgz#6bef7a2a0ad684cf6e90fcfe31cecabd9ce0a3ae"
  integrity sha1-a+96KgrWhM9ukPz+Mc7KvZzgo64=

"@types/object-hash@^2.2.1":
  version "2.2.1"
  resolved "https://registry.npmmirror.com/@types/object-hash/download/@types/object-hash-2.2.1.tgz#67c169f8f033e0b62abbf81df2d00f4598d540b9"
  integrity sha1-Z8Fp+PAz4LYqu/gd8tAPRZjVQLk=

esbuild-android-arm64@0.13.12:
  version "0.13.12"
  resolved "https://registry.npmmirror.com/esbuild-android-arm64/download/esbuild-android-arm64-0.13.12.tgz#e1f199dc05405cdc6670c00fb6c793822bf8ae4c"
  integrity sha1-4fGZ3AVAXNxmcMAPtseTgiv4rkw=

esbuild-darwin-64@0.13.12:
  version "0.13.12"
  resolved "https://registry.npmmirror.com/esbuild-darwin-64/download/esbuild-darwin-64-0.13.12.tgz#f5c59e622955c01f050e5a7ac9c1d41db714b94d"
  integrity sha1-9cWeYilVwB8FDlp6ycHUHbcUuU0=

esbuild-darwin-arm64@0.13.12:
  version "0.13.12"
  resolved "https://registry.npmmirror.com/esbuild-darwin-arm64/download/esbuild-darwin-arm64-0.13.12.tgz#8abae74c2956a8aa568fc52c78829338c4a4b988"
  integrity sha1-irrnTClWqKpWj8UseIKTOMSkuYg=

esbuild-freebsd-64@0.13.12:
  version "0.13.12"
  resolved "https://registry.npmmirror.com/esbuild-freebsd-64/download/esbuild-freebsd-64-0.13.12.tgz#6ad2ab8c0364ee7dd2d6e324d876a8e60ae75d12"
  integrity sha1-atKrjANk7n3S1uMk2Hao5grnXRI=

esbuild-freebsd-arm64@0.13.12:
  version "0.13.12"
  resolved "https://registry.npmmirror.com/esbuild-freebsd-arm64/download/esbuild-freebsd-arm64-0.13.12.tgz#6f38155f4c300ac4c8adde1fde3cc6a4440a8294"
  integrity sha1-bzgVX0wwCsTIrd4f3jzGpEQKgpQ=

esbuild-linux-32@0.13.12:
  version "0.13.12"
  resolved "https://registry.npmmirror.com/esbuild-linux-32/download/esbuild-linux-32-0.13.12.tgz#b1d15e330188a8c21de75c3f0058628a3eefade7"
  integrity sha1-sdFeMwGIqMId51w/AFhiij7vrec=

esbuild-linux-64@0.13.12:
  version "0.13.12"
  resolved "https://registry.npmmirror.com/esbuild-linux-64/download/esbuild-linux-64-0.13.12.tgz#25bd64b66162b02348e32d8f12e4c9ee61f1d070"
  integrity sha1-Jb1ktmFisCNI4y2PEuTJ7mHx0HA=

esbuild-linux-arm64@0.13.12:
  version "0.13.12"
  resolved "https://registry.npmmirror.com/esbuild-linux-arm64/download/esbuild-linux-arm64-0.13.12.tgz#ba582298457cc5c9ac823a275de117620c06537f"
  integrity sha1-ulgimEV8xcmsgjonXeEXYgwGU38=

esbuild-linux-arm@0.13.12:
  version "0.13.12"
  resolved "https://registry.npmmirror.com/esbuild-linux-arm/download/esbuild-linux-arm-0.13.12.tgz#6bc81c957bff22725688cc6359c29a25765be09b"
  integrity sha1-a8gclXv/InJWiMxjWcKaJXZb4Js=

esbuild-linux-mips64le@0.13.12:
  version "0.13.12"
  resolved "https://registry.npmmirror.com/esbuild-linux-mips64le/download/esbuild-linux-mips64le-0.13.12.tgz#ef3c4aba3e585d847cbade5945a8b4a5c62c7ce2"
  integrity sha1-7zxKuj5YXYR8ut5ZRai0pcYsfOI=

esbuild-linux-ppc64le@0.13.12:
  version "0.13.12"
  resolved "https://registry.npmmirror.com/esbuild-linux-ppc64le/download/esbuild-linux-ppc64le-0.13.12.tgz#a21fb64e80c38bef06122e48283990fc6db578e1"
  integrity sha1-oh+2ToDDi+8GEi5IKDmQ/G21eOE=

esbuild-netbsd-64@0.13.12:
  version "0.13.12"
  resolved "https://registry.npmmirror.com/esbuild-netbsd-64/download/esbuild-netbsd-64-0.13.12.tgz#1ea7fc8cfce88a20a4047b867ef184049a6641ae"
  integrity sha1-Hqf8jPzoiiCkBHuGfvGEBJpmQa4=

esbuild-openbsd-64@0.13.12:
  version "0.13.12"
  resolved "https://registry.npmmirror.com/esbuild-openbsd-64/download/esbuild-openbsd-64-0.13.12.tgz#adde32f2f1b05dc4bd4fc544d6ea5a4379f9ca4d"
  integrity sha1-rd4y8vGwXcS9T8VE1upaQ3n5yk0=

esbuild-sunos-64@0.13.12:
  version "0.13.12"
  resolved "https://registry.npmmirror.com/esbuild-sunos-64/download/esbuild-sunos-64-0.13.12.tgz#a7ecaf52b7364fbee76dc8aa707fa3e1cff3342c"
  integrity sha1-p+yvUrc2T77nbciqcH+j4c/zNCw=

esbuild-windows-32@0.13.12:
  version "0.13.12"
  resolved "https://registry.npmmirror.com/esbuild-windows-32/download/esbuild-windows-32-0.13.12.tgz#a8756033dc905c4b7bea19be69f7ee68809f8770"
  integrity sha1-qHVgM9yQXEt76hm+affuaICfh3A=

esbuild-windows-64@0.13.12:
  version "0.13.12"
  resolved "https://registry.npmmirror.com/esbuild-windows-64/download/esbuild-windows-64-0.13.12.tgz#ae694aa66ca078acb8509b2da31197ed1f40f798"
  integrity sha1-rmlKpmygeKy4UJstoxGX7R9A95g=

esbuild-windows-arm64@0.13.12:
  version "0.13.12"
  resolved "https://registry.npmmirror.com/esbuild-windows-arm64/download/esbuild-windows-arm64-0.13.12.tgz#782c5a8bd6d717ea55aaafe648f9926ca36a4a88"
  integrity sha1-eCxai9bXF+pVqq/mSPmSbKNqSog=

esbuild@^0.13.9:
  version "0.13.12"
  resolved "https://registry.npmmirror.com/esbuild/download/esbuild-0.13.12.tgz#9cac641594bf03cf34145258c093d743ebbde7ca"
  integrity sha1-nKxkFZS/A880FFJYwJPXQ+u958o=
  optionalDependencies:
    esbuild-android-arm64 "0.13.12"
    esbuild-darwin-64 "0.13.12"
    esbuild-darwin-arm64 "0.13.12"
    esbuild-freebsd-64 "0.13.12"
    esbuild-freebsd-arm64 "0.13.12"
    esbuild-linux-32 "0.13.12"
    esbuild-linux-64 "0.13.12"
    esbuild-linux-arm "0.13.12"
    esbuild-linux-arm64 "0.13.12"
    esbuild-linux-mips64le "0.13.12"
    esbuild-linux-ppc64le "0.13.12"
    esbuild-netbsd-64 "0.13.12"
    esbuild-openbsd-64 "0.13.12"
    esbuild-sunos-64 "0.13.12"
    esbuild-windows-32 "0.13.12"
    esbuild-windows-64 "0.13.12"
    esbuild-windows-arm64 "0.13.12"

has-bigints@^1.0.1:
  version "1.0.1"
  resolved "https://registry.nlark.com/has-bigints/download/has-bigints-1.0.1.tgz#64fe6acb020673e3b78db035a5af69aa9d07b113"
  integrity sha1-ZP5qywIGc+O3jbA1pa9pqp0HsRM=

is-bigint@^1.0.4:
  version "1.0.4"
  resolved "https://registry.nlark.com/is-bigint/download/is-bigint-1.0.4.tgz?cache=0&sync_timestamp=1628747589154&other_urls=https%3A%2F%2Fregistry.nlark.com%2Fis-bigint%2Fdownload%2Fis-bigint-1.0.4.tgz#08147a1875bc2b32005d41ccd8291dffc6691df3"
  integrity sha1-CBR6GHW8KzIAXUHM2Ckd/8ZpHfM=
  dependencies:
    has-bigints "^1.0.1"

lodash@^4.17.21:
  version "4.17.21"
  resolved "https://registry.nlark.com/lodash/download/lodash-4.17.21.tgz#679591c564c3bffaae8454cf0b3df370c3d6911c"
  integrity sha1-Z5WRxWTDv/quhFTPCz3zcMPWkRw=

object-hash@^2.2.0:
  version "2.2.0"
  resolved "https://registry.nlark.com/object-hash/download/object-hash-2.2.0.tgz#5ad518581eefc443bd763472b8ff2e9c2c0d54a5"
  integrity sha1-WtUYWB7vxEO9djRyuP8unCwNVKU=

typescript@^4.3.2:
  version "4.4.4"
  resolved "https://registry.npmmirror.com/typescript/download/typescript-4.4.4.tgz#2cd01a1a1f160704d3101fd5a58ff0f9fcb8030c"
  integrity sha1-LNAaGh8WBwTTEB/VpY/w+fy4Aww=
